
Microsoft Visual Studio Solution File, Format Version 12.00
# Visual Studio Version 17
VisualStudioVersion = 17.4.33122.133
MinimumVisualStudioVersion = 10.0.40219.1
Project("{9A19103F-16F7-4668-BE54-9A1E7A4F7556}") = "hyper_id_sdk", "auth\hyper_id_sdk.csproj", "{A26FD197-2AC3-44F1-BD5A-DA4045049536}"
EndProject
Project("{9A19103F-16F7-4668-BE54-9A1E7A4F7556}") = "hyperid_sdk_demo", "hyperid_sdk_demo\hyperid_sdk_demo.csproj", "{48D51535-2802-4E54-A960-F958CDE6C515}"
	ProjectSection(ProjectDependencies) = postProject
		{A26FD197-2AC3-44F1-BD5A-DA4045049536} = {A26FD197-2AC3-44F1-BD5A-DA4045049536}
	EndProjectSection
EndProject
Global
	GlobalSection(SolutionConfigurationPlatforms) = preSolution
		Debug|Any CPU = Debug|Any CPU
		Release|Any CPU = Release|Any CPU
	EndGlobalSection
	GlobalSection(ProjectConfigurationPlatforms) = postSolution
		{A26FD197-2AC3-44F1-BD5A-DA4045049536}.Debug|Any CPU.ActiveCfg = Debug|Any CPU
		{A26FD197-2AC3-44F1-BD5A-DA4045049536}.Debug|Any CPU.Build.0 = Debug|Any CPU
		{A26FD197-2AC3-44F1-BD5A-DA4045049536}.Release|Any CPU.ActiveCfg = Release|Any CPU
		{A26FD197-2AC3-44F1-BD5A-DA4045049536}.Release|Any CPU.Build.0 = Release|Any CPU
		{48D51535-2802-4E54-A960-F958CDE6C515}.Debug|Any CPU.ActiveCfg = Debug|Any CPU
		{48D51535-2802-4E54-A960-F958CDE6C515}.Debug|Any CPU.Build.0 = Debug|Any CPU
		{48D51535-2802-4E54-A960-F958CDE6C515}.Release|Any CPU.ActiveCfg = Release|Any CPU
		{48D51535-2802-4E54-A960-F958CDE6C515}.Release|Any CPU.Build.0 = Release|Any CPU
	EndGlobalSection
	GlobalSection(SolutionProperties) = preSolution
		HideSolutionNode = FALSE
	EndGlobalSection
	GlobalSection(ExtensibilityGlobals) = postSolution
		SolutionGuid = {D6436E8E-8A80-4023-8254-970364705F0D}
	EndGlobalSection
EndGlobal
