// !$*UTF8*$!
{
	archiveVersion = 1;
	classes = {
	};
	objectVersion = 60;
	objects = {

/* Begin PBXBuildFile section */
		AD24DACF2B081C8D004FF7FA /* UserInfoView.swift in Sources */ = {isa = PBXBuildFile; fileRef = AD24DACE2B081C8D004FF7FA /* UserInfoView.swift */; };
		AD24DAD12B0B6FAA004FF7FA /* KYCStatusInfoView.swift in Sources */ = {isa = PBXBuildFile; fileRef = AD24DAD02B0B6FAA004FF7FA /* KYCStatusInfoView.swift */; };
		AD24DAD32B0B7249004FF7FA /* DisplayItemView.swift in Sources */ = {isa = PBXBuildFile; fileRef = AD24DAD22B0B7249004FF7FA /* DisplayItemView.swift */; };
		AD24DAD52B0B8405004FF7FA /* KYCStatusTopLevelInfoView.swift in Sources */ = {isa = PBXBuildFile; fileRef = AD24DAD42B0B8405004FF7FA /* KYCStatusTopLevelInfoView.swift */; };
		AD24DAD72B0BB30D004FF7FA /* StorageKeysView.swift in Sources */ = {isa = PBXBuildFile; fileRef = AD24DAD62B0BB30D004FF7FA /* StorageKeysView.swift */; };
		AD29C4962B06A5CF00E2D26E /* HyperIDSDK in Frameworks */ = {isa = PBXBuildFile; productRef = AD29C4952B06A5CF00E2D26E /* HyperIDSDK */; };
		AD3EF9212B06DDA6004BEE40 /* RootController.swift in Sources */ = {isa = PBXBuildFile; fileRef = AD3EF9202B06DDA6004BEE40 /* RootController.swift */; };
		AD3EF9252B06E371004BEE40 /* ClientView.swift in Sources */ = {isa = PBXBuildFile; fileRef = AD3EF9242B06E371004BEE40 /* ClientView.swift */; };
		AD3EF9272B077F59004BEE40 /* ClientController.swift in Sources */ = {isa = PBXBuildFile; fileRef = AD3EF9262B077F59004BEE40 /* ClientController.swift */; };
		AD3EF9292B0788C0004BEE40 /* AlertState.swift in Sources */ = {isa = PBXBuildFile; fileRef = AD3EF9282B0788C0004BEE40 /* AlertState.swift */; };
		AD8BA8D52B0613F400513BDF /* HyperIDSDK_Test_AppApp.swift in Sources */ = {isa = PBXBuildFile; fileRef = AD8BA8D42B0613F400513BDF /* HyperIDSDK_Test_AppApp.swift */; };
		AD8BA8D72B0613F400513BDF /* RootView.swift in Sources */ = {isa = PBXBuildFile; fileRef = AD8BA8D62B0613F400513BDF /* RootView.swift */; };
		AD8BA8DB2B0613F500513BDF /* Assets.xcassets in Resources */ = {isa = PBXBuildFile; fileRef = AD8BA8DA2B0613F500513BDF /* Assets.xcassets */; };
		AD8BA8DE2B0613F500513BDF /* Preview Assets.xcassets in Resources */ = {isa = PBXBuildFile; fileRef = AD8BA8DD2B0613F500513BDF /* Preview Assets.xcassets */; };
/* End PBXBuildFile section */

/* Begin PBXFileReference section */
		AD24DACE2B081C8D004FF7FA /* UserInfoView.swift */ = {isa = PBXFileReference; lastKnownFileType = sourcecode.swift; path = UserInfoView.swift; sourceTree = "<group>"; };
		AD24DAD02B0B6FAA004FF7FA /* KYCStatusInfoView.swift */ = {isa = PBXFileReference; lastKnownFileType = sourcecode.swift; path = KYCStatusInfoView.swift; sourceTree = "<group>"; };
		AD24DAD22B0B7249004FF7FA /* DisplayItemView.swift */ = {isa = PBXFileReference; lastKnownFileType = sourcecode.swift; path = DisplayItemView.swift; sourceTree = "<group>"; };
		AD24DAD42B0B8405004FF7FA /* KYCStatusTopLevelInfoView.swift */ = {isa = PBXFileReference; lastKnownFileType = sourcecode.swift; path = KYCStatusTopLevelInfoView.swift; sourceTree = "<group>"; };
		AD24DAD62B0BB30D004FF7FA /* StorageKeysView.swift */ = {isa = PBXFileReference; lastKnownFileType = sourcecode.swift; path = StorageKeysView.swift; sourceTree = "<group>"; };
		AD3EF9202B06DDA6004BEE40 /* RootController.swift */ = {isa = PBXFileReference; lastKnownFileType = sourcecode.swift; path = RootController.swift; sourceTree = "<group>"; };
		AD3EF9242B06E371004BEE40 /* ClientView.swift */ = {isa = PBXFileReference; lastKnownFileType = sourcecode.swift; path = ClientView.swift; sourceTree = "<group>"; };
		AD3EF9262B077F59004BEE40 /* ClientController.swift */ = {isa = PBXFileReference; lastKnownFileType = sourcecode.swift; path = ClientController.swift; sourceTree = "<group>"; };
		AD3EF9282B0788C0004BEE40 /* AlertState.swift */ = {isa = PBXFileReference; lastKnownFileType = sourcecode.swift; path = AlertState.swift; sourceTree = "<group>"; };
		AD8BA8D12B0613F400513BDF /* HyperIDSDK Test App.app */ = {isa = PBXFileReference; explicitFileType = wrapper.application; includeInIndex = 0; path = "HyperIDSDK Test App.app"; sourceTree = BUILT_PRODUCTS_DIR; };
		AD8BA8D42B0613F400513BDF /* HyperIDSDK_Test_AppApp.swift */ = {isa = PBXFileReference; lastKnownFileType = sourcecode.swift; path = HyperIDSDK_Test_AppApp.swift; sourceTree = "<group>"; };
		AD8BA8D62B0613F400513BDF /* RootView.swift */ = {isa = PBXFileReference; lastKnownFileType = sourcecode.swift; path = RootView.swift; sourceTree = "<group>"; };
		AD8BA8DA2B0613F500513BDF /* Assets.xcassets */ = {isa = PBXFileReference; lastKnownFileType = folder.assetcatalog; path = Assets.xcassets; sourceTree = "<group>"; };
		AD8BA8DD2B0613F500513BDF /* Preview Assets.xcassets */ = {isa = PBXFileReference; lastKnownFileType = folder.assetcatalog; path = "Preview Assets.xcassets"; sourceTree = "<group>"; };
/* End PBXFileReference section */

/* Begin PBXFrameworksBuildPhase section */
		AD8BA8CE2B0613F400513BDF /* Frameworks */ = {
			isa = PBXFrameworksBuildPhase;
			buildActionMask = 2147483647;
			files = (
				AD29C4962B06A5CF00E2D26E /* HyperIDSDK in Frameworks */,
			);
			runOnlyForDeploymentPostprocessing = 0;
		};
/* End PBXFrameworksBuildPhase section */

/* Begin PBXGroup section */
		AD29C4972B06A5E900E2D26E /* View */ = {
			isa = PBXGroup;
			children = (
				AD8BA8D62B0613F400513BDF /* RootView.swift */,
				AD3EF9242B06E371004BEE40 /* ClientView.swift */,
				AD24DACE2B081C8D004FF7FA /* UserInfoView.swift */,
				AD24DAD02B0B6FAA004FF7FA /* KYCStatusInfoView.swift */,
				AD24DAD42B0B8405004FF7FA /* KYCStatusTopLevelInfoView.swift */,
				AD24DAD62B0BB30D004FF7FA /* StorageKeysView.swift */,
				AD24DAD22B0B7249004FF7FA /* DisplayItemView.swift */,
			);
			path = View;
			sourceTree = "<group>";
		};
		AD29C4982B06A5F300E2D26E /* Controller */ = {
			isa = PBXGroup;
			children = (
				AD3EF9202B06DDA6004BEE40 /* RootController.swift */,
				AD3EF9262B077F59004BEE40 /* ClientController.swift */,
				AD3EF9282B0788C0004BEE40 /* AlertState.swift */,
			);
			path = Controller;
			sourceTree = "<group>";
		};
		AD8BA8C82B0613F400513BDF = {
			isa = PBXGroup;
			children = (
				AD8BA8D32B0613F400513BDF /* HyperIDSDK Test App */,
				AD8BA8D22B0613F400513BDF /* Products */,
			);
			sourceTree = "<group>";
		};
		AD8BA8D22B0613F400513BDF /* Products */ = {
			isa = PBXGroup;
			children = (
				AD8BA8D12B0613F400513BDF /* HyperIDSDK Test App.app */,
			);
			name = Products;
			sourceTree = "<group>";
		};
		AD8BA8D32B0613F400513BDF /* HyperIDSDK Test App */ = {
			isa = PBXGroup;
			children = (
				AD29C4972B06A5E900E2D26E /* View */,
				AD29C4982B06A5F300E2D26E /* Controller */,
				AD8BA8D42B0613F400513BDF /* HyperIDSDK_Test_AppApp.swift */,
				AD8BA8DA2B0613F500513BDF /* Assets.xcassets */,
				AD8BA8DC2B0613F500513BDF /* Preview Content */,
			);
			path = "HyperIDSDK Test App";
			sourceTree = "<group>";
		};
		AD8BA8DC2B0613F500513BDF /* Preview Content */ = {
			isa = PBXGroup;
			children = (
				AD8BA8DD2B0613F500513BDF /* Preview Assets.xcassets */,
			);
			path = "Preview Content";
			sourceTree = "<group>";
		};
/* End PBXGroup section */

/* Begin PBXNativeTarget section */
		AD8BA8D02B0613F400513BDF /* HyperIDSDK Test App */ = {
			isa = PBXNativeTarget;
			buildConfigurationList = AD8BA8E12B0613F500513BDF /* Build configuration list for PBXNativeTarget "HyperIDSDK Test App" */;
			buildPhases = (
				AD8BA8CD2B0613F400513BDF /* Sources */,
				AD8BA8CE2B0613F400513BDF /* Frameworks */,
				AD8BA8CF2B0613F400513BDF /* Resources */,
			);
			buildRules = (
			);
			dependencies = (
			);
			name = "HyperIDSDK Test App";
			packageProductDependencies = (
				AD29C4952B06A5CF00E2D26E /* HyperIDSDK */,
			);
			productName = "HyperIDSDK Test App";
			productReference = AD8BA8D12B0613F400513BDF /* HyperIDSDK Test App.app */;
			productType = "com.apple.product-type.application";
		};
/* End PBXNativeTarget section */

/* Begin PBXProject section */
		AD8BA8C92B0613F400513BDF /* Project object */ = {
			isa = PBXProject;
			attributes = {
				BuildIndependentTargetsInParallel = 1;
				LastSwiftUpdateCheck = 1500;
				LastUpgradeCheck = 1500;
				TargetAttributes = {
					AD8BA8D02B0613F400513BDF = {
						CreatedOnToolsVersion = 15.0.1;
					};
				};
			};
			buildConfigurationList = AD8BA8CC2B0613F400513BDF /* Build configuration list for PBXProject "HyperIDSDK Test App" */;
			compatibilityVersion = "Xcode 14.0";
			developmentRegion = en;
			hasScannedForEncodings = 0;
			knownRegions = (
				en,
				Base,
			);
			mainGroup = AD8BA8C82B0613F400513BDF;
			packageReferences = (
				AD29C4942B06A5CF00E2D26E /* XCLocalSwiftPackageReference "../HyperIDSDK" */,
			);
			productRefGroup = AD8BA8D22B0613F400513BDF /* Products */;
			projectDirPath = "";
			projectRoot = "";
			targets = (
				AD8BA8D02B0613F400513BDF /* HyperIDSDK Test App */,
			);
		};
/* End PBXProject section */

/* Begin PBXResourcesBuildPhase section */
		AD8BA8CF2B0613F400513BDF /* Resources */ = {
			isa = PBXResourcesBuildPhase;
			buildActionMask = 2147483647;
			files = (
				AD8BA8DE2B0613F500513BDF /* Preview Assets.xcassets in Resources */,
				AD8BA8DB2B0613F500513BDF /* Assets.xcassets in Resources */,
			);
			runOnlyForDeploymentPostprocessing = 0;
		};
/* End PBXResourcesBuildPhase section */

/* Begin PBXSourcesBuildPhase section */
		AD8BA8CD2B0613F400513BDF /* Sources */ = {
			isa = PBXSourcesBuildPhase;
			buildActionMask = 2147483647;
			files = (
				AD8BA8D72B0613F400513BDF /* RootView.swift in Sources */,
				AD24DACF2B081C8D004FF7FA /* UserInfoView.swift in Sources */,
				AD3EF9252B06E371004BEE40 /* ClientView.swift in Sources */,
				AD3EF9272B077F59004BEE40 /* ClientController.swift in Sources */,
				AD8BA8D52B0613F400513BDF /* HyperIDSDK_Test_AppApp.swift in Sources */,
				AD24DAD52B0B8405004FF7FA /* KYCStatusTopLevelInfoView.swift in Sources */,
				AD24DAD12B0B6FAA004FF7FA /* KYCStatusInfoView.swift in Sources */,
				AD3EF9292B0788C0004BEE40 /* AlertState.swift in Sources */,
				AD3EF9212B06DDA6004BEE40 /* RootController.swift in Sources */,
				AD24DAD32B0B7249004FF7FA /* DisplayItemView.swift in Sources */,
				AD24DAD72B0BB30D004FF7FA /* StorageKeysView.swift in Sources */,
			);
			runOnlyForDeploymentPostprocessing = 0;
		};
/* End PBXSourcesBuildPhase section */

/* Begin XCBuildConfiguration section */
		AD8BA8DF2B0613F500513BDF /* Debug */ = {
			isa = XCBuildConfiguration;
			buildSettings = {
				ALWAYS_SEARCH_USER_PATHS = NO;
				ASSETCATALOG_COMPILER_GENERATE_SWIFT_ASSET_SYMBOL_EXTENSIONS = YES;
				CLANG_ANALYZER_NONNULL = YES;
				CLANG_ANALYZER_NUMBER_OBJECT_CONVERSION = YES_AGGRESSIVE;
				CLANG_CXX_LANGUAGE_STANDARD = "gnu++20";
				CLANG_ENABLE_MODULES = YES;
				CLANG_ENABLE_OBJC_ARC = YES;
				CLANG_ENABLE_OBJC_WEAK = YES;
				CLANG_WARN_BLOCK_CAPTURE_AUTORELEASING = YES;
				CLANG_WARN_BOOL_CONVERSION = YES;
				CLANG_WARN_COMMA = YES;
				CLANG_WARN_CONSTANT_CONVERSION = YES;
				CLANG_WARN_DEPRECATED_OBJC_IMPLEMENTATIONS = YES;
				CLANG_WARN_DIRECT_OBJC_ISA_USAGE = YES_ERROR;
				CLANG_WARN_DOCUMENTATION_COMMENTS = YES;
				CLANG_WARN_EMPTY_BODY = YES;
				CLANG_WARN_ENUM_CONVERSION = YES;
				CLANG_WARN_INFINITE_RECURSION = YES;
				CLANG_WARN_INT_CONVERSION = YES;
				CLANG_WARN_NON_LITERAL_NULL_CONVERSION = YES;
				CLANG_WARN_OBJC_IMPLICIT_RETAIN_SELF = YES;
				CLANG_WARN_OBJC_LITERAL_CONVERSION = YES;
				CLANG_WARN_OBJC_ROOT_CLASS = YES_ERROR;
				CLANG_WARN_QUOTED_INCLUDE_IN_FRAMEWORK_HEADER = YES;
				CLANG_WARN_RANGE_LOOP_ANALYSIS = YES;
				CLANG_WARN_STRICT_PROTOTYPES = YES;
				CLANG_WARN_SUSPICIOUS_MOVE = YES;
				CLANG_WARN_UNGUARDED_AVAILABILITY = YES_AGGRESSIVE;
				CLANG_WARN_UNREACHABLE_CODE = YES;
				CLANG_WARN__DUPLICATE_METHOD_MATCH = YES;
				COPY_PHASE_STRIP = NO;
				DEBUG_INFORMATION_FORMAT = dwarf;
				ENABLE_STRICT_OBJC_MSGSEND = YES;
				ENABLE_TESTABILITY = YES;
				ENABLE_USER_SCRIPT_SANDBOXING = YES;
				GCC_C_LANGUAGE_STANDARD = gnu17;
				GCC_DYNAMIC_NO_PIC = NO;
				GCC_NO_COMMON_BLOCKS = YES;
				GCC_OPTIMIZATION_LEVEL = 0;
				GCC_PREPROCESSOR_DEFINITIONS = (
					"DEBUG=1",
					"$(inherited)",
				);
				GCC_WARN_64_TO_32_BIT_CONVERSION = YES;
				GCC_WARN_ABOUT_RETURN_TYPE = YES_ERROR;
				GCC_WARN_UNDECLARED_SELECTOR = YES;
				GCC_WARN_UNINITIALIZED_AUTOS = YES_AGGRESSIVE;
				GCC_WARN_UNUSED_FUNCTION = YES;
				GCC_WARN_UNUSED_VARIABLE = YES;
				IPHONEOS_DEPLOYMENT_TARGET = 17.0;
				LOCALIZATION_PREFERS_STRING_CATALOGS = YES;
				MTL_ENABLE_DEBUG_INFO = INCLUDE_SOURCE;
				MTL_FAST_MATH = YES;
				ONLY_ACTIVE_ARCH = YES;
				SDKROOT = iphoneos;
				SWIFT_ACTIVE_COMPILATION_CONDITIONS = "DEBUG $(inherited)";
				SWIFT_OPTIMIZATION_LEVEL = "-Onone";
			};
			name = Debug;
		};
		AD8BA8E02B0613F500513BDF /* Release */ = {
			isa = XCBuildConfiguration;
			buildSettings = {
				ALWAYS_SEARCH_USER_PATHS = NO;
				ASSETCATALOG_COMPILER_GENERATE_SWIFT_ASSET_SYMBOL_EXTENSIONS = YES;
				CLANG_ANALYZER_NONNULL = YES;
				CLANG_ANALYZER_NUMBER_OBJECT_CONVERSION = YES_AGGRESSIVE;
				CLANG_CXX_LANGUAGE_STANDARD = "gnu++20";
				CLANG_ENABLE_MODULES = YES;
				CLANG_ENABLE_OBJC_ARC = YES;
				CLANG_ENABLE_OBJC_WEAK = YES;
				CLANG_WARN_BLOCK_CAPTURE_AUTORELEASING = YES;
				CLANG_WARN_BOOL_CONVERSION = YES;
				CLANG_WARN_COMMA = YES;
				CLANG_WARN_CONSTANT_CONVERSION = YES;
				CLANG_WARN_DEPRECATED_OBJC_IMPLEMENTATIONS = YES;
				CLANG_WARN_DIRECT_OBJC_ISA_USAGE = YES_ERROR;
				CLANG_WARN_DOCUMENTATION_COMMENTS = YES;
				CLANG_WARN_EMPTY_BODY = YES;
				CLANG_WARN_ENUM_CONVERSION = YES;
				CLANG_WARN_INFINITE_RECURSION = YES;
				CLANG_WARN_INT_CONVERSION = YES;
				CLANG_WARN_NON_LITERAL_NULL_CONVERSION = YES;
				CLANG_WARN_OBJC_IMPLICIT_RETAIN_SELF = YES;
				CLANG_WARN_OBJC_LITERAL_CONVERSION = YES;
				CLANG_WARN_OBJC_ROOT_CLASS = YES_ERROR;
				CLANG_WARN_QUOTED_INCLUDE_IN_FRAMEWORK_HEADER = YES;
				CLANG_WARN_RANGE_LOOP_ANALYSIS = YES;
				CLANG_WARN_STRICT_PROTOTYPES = YES;
				CLANG_WARN_SUSPICIOUS_MOVE = YES;
				CLANG_WARN_UNGUARDED_AVAILABILITY = YES_AGGRESSIVE;
				CLANG_WARN_UNREACHABLE_CODE = YES;
				CLANG_WARN__DUPLICATE_METHOD_MATCH = YES;
				COPY_PHASE_STRIP = NO;
				DEBUG_INFORMATION_FORMAT = "dwarf-with-dsym";
				ENABLE_NS_ASSERTIONS = NO;
				ENABLE_STRICT_OBJC_MSGSEND = YES;
				ENABLE_USER_SCRIPT_SANDBOXING = YES;
				GCC_C_LANGUAGE_STANDARD = gnu17;
				GCC_NO_COMMON_BLOCKS = YES;
				GCC_WARN_64_TO_32_BIT_CONVERSION = YES;
				GCC_WARN_ABOUT_RETURN_TYPE = YES_ERROR;
				GCC_WARN_UNDECLARED_SELECTOR = YES;
				GCC_WARN_UNINITIALIZED_AUTOS = YES_AGGRESSIVE;
				GCC_WARN_UNUSED_FUNCTION = YES;
				GCC_WARN_UNUSED_VARIABLE = YES;
				IPHONEOS_DEPLOYMENT_TARGET = 17.0;
				LOCALIZATION_PREFERS_STRING_CATALOGS = YES;
				MTL_ENABLE_DEBUG_INFO = NO;
				MTL_FAST_MATH = YES;
				SDKROOT = iphoneos;
				SWIFT_COMPILATION_MODE = wholemodule;
				VALIDATE_PRODUCT = YES;
			};
			name = Release;
		};
		AD8BA8E22B0613F500513BDF /* Debug */ = {
			isa = XCBuildConfiguration;
			buildSettings = {
				ASSETCATALOG_COMPILER_APPICON_NAME = AppIcon;
				ASSETCATALOG_COMPILER_GLOBAL_ACCENT_COLOR_NAME = AccentColor;
				CODE_SIGN_STYLE = Automatic;
				CURRENT_PROJECT_VERSION = 1;
				DEVELOPMENT_ASSET_PATHS = "\"HyperIDSDK Test App/Preview Content\"";
				DEVELOPMENT_TEAM = Y666HXJA22;
				ENABLE_PREVIEWS = YES;
				GENERATE_INFOPLIST_FILE = YES;
				INFOPLIST_KEY_UIApplicationSceneManifest_Generation = YES;
				INFOPLIST_KEY_UIApplicationSupportsIndirectInputEvents = YES;
				INFOPLIST_KEY_UILaunchScreen_Generation = YES;
				INFOPLIST_KEY_UISupportedInterfaceOrientations_iPad = "UIInterfaceOrientationPortrait UIInterfaceOrientationPortraitUpsideDown UIInterfaceOrientationLandscapeLeft UIInterfaceOrientationLandscapeRight";
				INFOPLIST_KEY_UISupportedInterfaceOrientations_iPhone = "UIInterfaceOrientationPortrait UIInterfaceOrientationLandscapeLeft UIInterfaceOrientationLandscapeRight";
				LD_RUNPATH_SEARCH_PATHS = (
					"$(inherited)",
					"@executable_path/Frameworks",
				);
				MARKETING_VERSION = 1.0;
				PRODUCT_BUNDLE_IDENTIFIER = "ai.hypersphere.hyperid.HyperIDSDK-Test-App";
				PRODUCT_NAME = "$(TARGET_NAME)";
				SWIFT_EMIT_LOC_STRINGS = YES;
				SWIFT_VERSION = 5.0;
				TARGETED_DEVICE_FAMILY = "1,2";
			};
			name = Debug;
		};
		AD8BA8E32B0613F500513BDF /* Release */ = {
			isa = XCBuildConfiguration;
			buildSettings = {
				ASSETCATALOG_COMPILER_APPICON_NAME = AppIcon;
				ASSETCATALOG_COMPILER_GLOBAL_ACCENT_COLOR_NAME = AccentColor;
				CODE_SIGN_STYLE = Automatic;
				CURRENT_PROJECT_VERSION = 1;
				DEVELOPMENT_ASSET_PATHS = "\"HyperIDSDK Test App/Preview Content\"";
				DEVELOPMENT_TEAM = Y666HXJA22;
				ENABLE_PREVIEWS = YES;
				GENERATE_INFOPLIST_FILE = YES;
				INFOPLIST_KEY_UIApplicationSceneManifest_Generation = YES;
				INFOPLIST_KEY_UIApplicationSupportsIndirectInputEvents = YES;
				INFOPLIST_KEY_UILaunchScreen_Generation = YES;
				INFOPLIST_KEY_UISupportedInterfaceOrientations_iPad = "UIInterfaceOrientationPortrait UIInterfaceOrientationPortraitUpsideDown UIInterfaceOrientationLandscapeLeft UIInterfaceOrientationLandscapeRight";
				INFOPLIST_KEY_UISupportedInterfaceOrientations_iPhone = "UIInterfaceOrientationPortrait UIInterfaceOrientationLandscapeLeft UIInterfaceOrientationLandscapeRight";
				LD_RUNPATH_SEARCH_PATHS = (
					"$(inherited)",
					"@executable_path/Frameworks",
				);
				MARKETING_VERSION = 1.0;
				PRODUCT_BUNDLE_IDENTIFIER = "ai.hypersphere.hyperid.HyperIDSDK-Test-App";
				PRODUCT_NAME = "$(TARGET_NAME)";
				SWIFT_EMIT_LOC_STRINGS = YES;
				SWIFT_VERSION = 5.0;
				TARGETED_DEVICE_FAMILY = "1,2";
			};
			name = Release;
		};
/* End XCBuildConfiguration section */

/* Begin XCConfigurationList section */
		AD8BA8CC2B0613F400513BDF /* Build configuration list for PBXProject "HyperIDSDK Test App" */ = {
			isa = XCConfigurationList;
			buildConfigurations = (
				AD8BA8DF2B0613F500513BDF /* Debug */,
				AD8BA8E02B0613F500513BDF /* Release */,
			);
			defaultConfigurationIsVisible = 0;
			defaultConfigurationName = Release;
		};
		AD8BA8E12B0613F500513BDF /* Build configuration list for PBXNativeTarget "HyperIDSDK Test App" */ = {
			isa = XCConfigurationList;
			buildConfigurations = (
				AD8BA8E22B0613F500513BDF /* Debug */,
				AD8BA8E32B0613F500513BDF /* Release */,
			);
			defaultConfigurationIsVisible = 0;
			defaultConfigurationName = Release;
		};
/* End XCConfigurationList section */

/* Begin XCLocalSwiftPackageReference section */
		AD29C4942B06A5CF00E2D26E /* XCLocalSwiftPackageReference "../HyperIDSDK" */ = {
			isa = XCLocalSwiftPackageReference;
			relativePath = ../HyperIDSDK;
		};
/* End XCLocalSwiftPackageReference section */

/* Begin XCSwiftPackageProductDependency section */
		AD29C4952B06A5CF00E2D26E /* HyperIDSDK */ = {
			isa = XCSwiftPackageProductDependency;
			productName = HyperIDSDK;
		};
/* End XCSwiftPackageProductDependency section */
	};
	rootObject = AD8BA8C92B0613F400513BDF /* Project object */;
}
